
Microsoft Visual Studio Solution File, Format Version 12.00
# Visual Studio Version 16
VisualStudioVersion = 25.0.1706.6
MinimumVisualStudioVersion = 10.0.40219.1
Project("{FAE04EC0-301F-11D3-BF4B-00C04F79EFBC}") = "SampleMvc", "SampleMvc\SampleMvc.csproj", "{AF015401-83D9-451C-A5F9-048B9D8A750D}"
EndProject
Global
	GlobalSection(SolutionConfigurationPlatforms) = preSolution
		Debug|Any CPU = Debug|Any CPU
		Release|Any CPU = Release|Any CPU
	EndGlobalSection
	GlobalSection(ProjectConfigurationPlatforms) = postSolution
		{AF015401-83D9-451C-A5F9-048B9D8A750D}.Debug|Any CPU.ActiveCfg = Debug|Any CPU
		{AF015401-83D9-451C-A5F9-048B9D8A750D}.Debug|Any CPU.Build.0 = Debug|Any CPU
		{AF015401-83D9-451C-A5F9-048B9D8A750D}.Release|Any CPU.ActiveCfg = Release|Any CPU
		{AF015401-83D9-451C-A5F9-048B9D8A750D}.Release|Any CPU.Build.0 = Release|Any CPU
	EndGlobalSection
	GlobalSection(SolutionProperties) = preSolution
		HideSolutionNode = FALSE
	EndGlobalSection
	GlobalSection(ExtensibilityGlobals) = postSolution
		SolutionGuid = {19E36202-9C58-40AB-A67C-18BC6E0A91D7}
	EndGlobalSection
EndGlobal
